{
  "nodes": {
    "nixpkgs": {
      "locked": {
        "lastModified": 1750680313,
        "narHash": "sha256-s3tLtkHSPKfNFQiZmKD12vBuuhMabX6qVTaFO958mdU=",
        "owner": "NixOS",
        "repo": "nixpkgs",
        "rev": "32bdb09f954f157eb66bae5a60e0094925994946",
        "type": "github"
      },
      "original": {
        "id": "nixpkgs",
        "ref": "release-25.05",
        "type": "indirect"
      }
    },
    "root": {
      "inputs": {
        "nixpkgs": "nixpkgs"
      }
    }
  },
  "root": "root",
  "version": 7
}
