{
  "nodes": {
    "nixpkgs": {
      "locked": {
        "lastModified": 1758722638,
        "narHash": "sha256-x5TqKeRM/u5tzMSRDQXbaOYY4hyjMM5G6BHH/Ka/jug=",
        "owner": "NixOS",
        "repo": "nixpkgs",
        "rev": "06e7971f053d0dc64ad74148c29364e031a8e78d",
        "type": "github"
      },
      "original": {
        "id": "nixpkgs",
        "ref": "release-25.05",
        "type": "indirect"
      }
    },
    "nixpkgs-unstable": {
      "locked": {
        "lastModified": 1758427187,
        "narHash": "sha256-pHpxZ/IyCwoTQPtFIAG2QaxuSm8jWzrzBGjwQZIttJc=",
        "owner": "NixOS",
        "repo": "nixpkgs",
        "rev": "554be6495561ff07b6c724047bdd7e0716aa7b46",
        "type": "github"
      },
      "original": {
        "owner": "NixOS",
        "ref": "nixos-unstable",
        "repo": "nixpkgs",
        "type": "github"
      }
    },
    "root": {
      "inputs": {
        "nixpkgs": "nixpkgs",
        "nixpkgs-unstable": "nixpkgs-unstable"
      }
    }
  },
  "root": "root",
  "version": 7
}
