{
  "nodes": {
    "nix-darwin": {
      "inputs": {
        "nixpkgs": [
          "nixpkgs"
        ]
      },
      "locked": {
        "lastModified": 1736820923,
        "narHash": "sha256-SDuKLOWAh8VJRXlNWQn9QE99bjeEUAAbYXqrKGbsiyk=",
        "owner": "LnL7",
        "repo": "nix-darwin",
        "rev": "944c2b181792ae7ae6b20c0df3f44879c11706c9",
        "type": "github"
      },
      "original": {
        "owner": "LnL7",
        "ref": "nix-darwin-24.11",
        "repo": "nix-darwin",
        "type": "github"
      }
    },
    "nixpkgs": {
      "locked": {
        "lastModified": 1736949135,
        "narHash": "sha256-HGSacCG66FNt/oQjxXsp+2og657hZFjBDAhUGzPoyn4=",
        "owner": "NixOS",
        "repo": "nixpkgs",
        "rev": "5a141918f8b3ea128746881b6c099a6df569a51e",
        "type": "github"
      },
      "original": {
        "owner": "NixOS",
        "ref": "release-24.11",
        "repo": "nixpkgs",
        "type": "github"
      }
    },
    "root": {
      "inputs": {
        "nix-darwin": "nix-darwin",
        "nixpkgs": "nixpkgs"
      }
    }
  },
  "root": "root",
  "version": 7
}
