{
  "nodes": {
    "nixpkgs": {
      "locked": {
        "lastModified": 1730806663,
        "narHash": "sha256-yFmtgfZnzcoJy+z26+ilRq0oxZHCwifsUMjO6pa7hIc=",
        "owner": "NixOS",
        "repo": "nixpkgs",
        "rev": "a417c003326c9a0cdebb62157466603313ffd47e",
        "type": "github"
      },
      "original": {
        "id": "nixpkgs",
        "ref": "release-24.05",
        "type": "indirect"
      }
    },
    "root": {
      "inputs": {
        "nixpkgs": "nixpkgs"
      }
    }
  },
  "root": "root",
  "version": 7
}
